# This file is automatically @generated by Poetry 2.1.4 and should not be changed by hand.

[[package]]
name = "prettytable"
version = "3.16.0"
description = "A simple Python library for easily displaying tabular data in a visually appealing ASCII table format"
optional = false
python-versions = ">=3.9"
groups = ["main"]
files = [
    {file = "prettytable-3.16.0-py3-none-any.whl", hash = "sha256:b5eccfabb82222f5aa46b798ff02a8452cf530a352c31bddfa29be41242863aa"},
    {file = "prettytable-3.16.0.tar.gz", hash = "sha256:3c64b31719d961bf69c9a7e03d0c1e477320906a98da63952bc6698d6164ff57"},
]

[package.dependencies]
wcwidth = "*"

[package.extras]
tests = ["pytest", "pytest-cov", "pytest-lazy-fixtures"]

[[package]]
name = "python-statemachine"
version = "2.5.0"
description = "Python Finite State Machines made easy."
optional = false
python-versions = ">=3.7"
groups = ["main"]
files = [
    {file = "python_statemachine-2.5.0-py3-none-any.whl", hash = "sha256:0ed53846802c17037fcb2a92323f4bc0c833290fa9d17a3587c50886c1541e62"},
    {file = "python_statemachine-2.5.0.tar.gz", hash = "sha256:ae88cd22e47930b92b983a2176e61d811e571b69897be2568ec812c2885fb93a"},
]

[package.extras]
diagrams = ["pydot (>=2.0.0)"]

[[package]]
name = "wcwidth"
version = "0.2.13"
description = "Measures the displayed width of unicode strings in a terminal"
optional = false
python-versions = "*"
groups = ["main"]
files = [
    {file = "wcwidth-0.2.13-py2.py3-none-any.whl", hash = "sha256:3da69048e4540d84af32131829ff948f1e022c1c6bdb8d6102117aac784f6859"},
    {file = "wcwidth-0.2.13.tar.gz", hash = "sha256:72ea0c06399eb286d978fdedb6923a9eb47e1c486ce63e9b4e64fc18303972b5"},
]

[metadata]
lock-version = "2.1"
python-versions = ">=3.12"
content-hash = "956589443459141869f04e1c9f85be29ba0f6c0c01ec4ffcc8dd6e71c55726e2"
